
Microsoft Visual Studio Solution File, Format Version 12.00
Project("{FAE04EC0-301F-11D3-BF4B-00C04F79EFBC}") = "QuizzyAPI", "QuizzyAPI\QuizzyAPI.csproj", "{D652E514-A5F1-473C-A70A-ECC6266F7399}"
EndProject
Global
	GlobalSection(SolutionConfigurationPlatforms) = preSolution
		Debug|Any CPU = Debug|Any CPU
		Release|Any CPU = Release|Any CPU
	EndGlobalSection
	GlobalSection(ProjectConfigurationPlatforms) = postSolution
		{D652E514-A5F1-473C-A70A-ECC6266F7399}.Debug|Any CPU.ActiveCfg = Debug|Any CPU
		{D652E514-A5F1-473C-A70A-ECC6266F7399}.Debug|Any CPU.Build.0 = Debug|Any CPU
		{D652E514-A5F1-473C-A70A-ECC6266F7399}.Release|Any CPU.ActiveCfg = Release|Any CPU
		{D652E514-A5F1-473C-A70A-ECC6266F7399}.Release|Any CPU.Build.0 = Release|Any CPU
	EndGlobalSection
EndGlobal
